# THIS IS AN AUTOGENERATED FILE. DO NOT EDIT THIS FILE DIRECTLY.
# yarn lockfile v1


"@types/cookie@^0.3.1":
  version "0.3.1"
  resolved "https://registry.yarnpkg.com/@types/cookie/-/cookie-0.3.1.tgz#720a756ea8e760a258708b52441bd341f1ef4296"

"@types/inquirer@^0.0.36":
  version "0.0.36"
  resolved "https://registry.yarnpkg.com/@types/inquirer/-/inquirer-0.0.36.tgz#d27aae262b127ffc2e6dbf8e14e8caf7f7c059a3"
  dependencies:
    "@types/rx" "*"
    "@types/through" "*"

"@types/lodash@^4.14.91":
  version "4.14.91"
  resolved "https://registry.yarnpkg.com/@types/lodash/-/lodash-4.14.91.tgz#794611b28056d16b5436059c6d800b39d573cd3a"

"@types/node@*":
  version "8.5.2"
  resolved "https://registry.yarnpkg.com/@types/node/-/node-8.5.2.tgz#83b8103fa9a2c2e83d78f701a9aa7c9539739aa5"

"@types/rx-core-binding@*":
  version "4.0.4"
  resolved "https://registry.yarnpkg.com/@types/rx-core-binding/-/rx-core-binding-4.0.4.tgz#d969d32f15a62b89e2862c17b3ee78fe329818d3"
  dependencies:
    "@types/rx-core" "*"

"@types/rx-core@*":
  version "4.0.3"
  resolved "https://registry.yarnpkg.com/@types/rx-core/-/rx-core-4.0.3.tgz#0b3354b1238cedbe2b74f6326f139dbc7a591d60"

"@types/rx-lite-aggregates@*":
  version "4.0.3"
  resolved "https://registry.yarnpkg.com/@types/rx-lite-aggregates/-/rx-lite-aggregates-4.0.3.tgz#6efb2b7f3d5f07183a1cb2bd4b1371d7073384c2"
  dependencies:
    "@types/rx-lite" "*"

"@types/rx-lite-async@*":
  version "4.0.2"
  resolved "https://registry.yarnpkg.com/@types/rx-lite-async/-/rx-lite-async-4.0.2.tgz#27fbf0caeff029f41e2d2aae638b05e91ceb600c"
  dependencies:
    "@types/rx-lite" "*"

"@types/rx-lite-backpressure@*":
  version "4.0.3"
  resolved "https://registry.yarnpkg.com/@types/rx-lite-backpressure/-/rx-lite-backpressure-4.0.3.tgz#05abb19bdf87cc740196c355e5d0b37bb50b5d56"
  dependencies:
    "@types/rx-lite" "*"

"@types/rx-lite-coincidence@*":
  version "4.0.3"
  resolved "https://registry.yarnpkg.com/@types/rx-lite-coincidence/-/rx-lite-coincidence-4.0.3.tgz#80bd69acc4054a15cdc1638e2dc8843498cd85c0"
  dependencies:
    "@types/rx-lite" "*"

"@types/rx-lite-experimental@*":
  version "4.0.1"
  resolved "https://registry.yarnpkg.com/@types/rx-lite-experimental/-/rx-lite-experimental-4.0.1.tgz#c532f5cbdf3f2c15da16ded8930d1b2984023cbd"
  dependencies:
    "@types/rx-lite" "*"

"@types/rx-lite-joinpatterns@*":
  version "4.0.1"
  resolved "https://registry.yarnpkg.com/@types/rx-lite-joinpatterns/-/rx-lite-joinpatterns-4.0.1.tgz#f70fe370518a8432f29158cc92ffb56b4e4afc3e"
  dependencies:
    "@types/rx-lite" "*"

"@types/rx-lite-testing@*":
  version "4.0.1"
  resolved "https://registry.yarnpkg.com/@types/rx-lite-testing/-/rx-lite-testing-4.0.1.tgz#21b19d11f4dfd6ffef5a9d1648e9c8879bfe21e9"
  dependencies:
    "@types/rx-lite-virtualtime" "*"

"@types/rx-lite-time@*":
  version "4.0.3"
  resolved "https://registry.yarnpkg.com/@types/rx-lite-time/-/rx-lite-time-4.0.3.tgz#0eda65474570237598f3448b845d2696f2dbb1c4"
  dependencies:
    "@types/rx-lite" "*"

"@types/rx-lite-virtualtime@*":
  version "4.0.3"
  resolved "https://registry.yarnpkg.com/@types/rx-lite-virtualtime/-/rx-lite-virtualtime-4.0.3.tgz#4b30cacd0fe2e53af29f04f7438584c7d3959537"
  dependencies:
    "@types/rx-lite" "*"

"@types/rx-lite@*":
  version "4.0.5"
  resolved "https://registry.yarnpkg.com/@types/rx-lite/-/rx-lite-4.0.5.tgz#b3581525dff69423798daa9a0d33c1e66a5e8c4c"
  dependencies:
    "@types/rx-core" "*"
    "@types/rx-core-binding" "*"

"@types/rx@*":
  version "4.1.1"
  resolved "https://registry.yarnpkg.com/@types/rx/-/rx-4.1.1.tgz#598fc94a56baed975f194574e0f572fd8e627a48"
  dependencies:
    "@types/rx-core" "*"
    "@types/rx-core-binding" "*"
    "@types/rx-lite" "*"
    "@types/rx-lite-aggregates" "*"
    "@types/rx-lite-async" "*"
    "@types/rx-lite-backpressure" "*"
    "@types/rx-lite-coincidence" "*"
    "@types/rx-lite-experimental" "*"
    "@types/rx-lite-joinpatterns" "*"
    "@types/rx-lite-testing" "*"
    "@types/rx-lite-time" "*"
    "@types/rx-lite-virtualtime" "*"

"@types/strip-bom@^3.0.0":
  version "3.0.0"
  resolved "https://registry.yarnpkg.com/@types/strip-bom/-/strip-bom-3.0.0.tgz#14a8ec3956c2e81edb7520790aecf21c290aebd2"

"@types/strip-json-comments@0.0.30":
  version "0.0.30"
  resolved "https://registry.yarnpkg.com/@types/strip-json-comments/-/strip-json-comments-0.0.30.tgz#9aa30c04db212a9a0649d6ae6fd50accc40748a1"

"@types/through@*":
  version "0.0.29"
  resolved "https://registry.yarnpkg.com/@types/through/-/through-0.0.29.tgz#72943aac922e179339c651fa34a4428a4d722f93"
  dependencies:
    "@types/node" "*"

ansi-escapes@^3.0.0:
  version "3.0.0"
  resolved "https://registry.yarnpkg.com/ansi-escapes/-/ansi-escapes-3.0.0.tgz#ec3e8b4e9f8064fc02c3ac9b65f1c275bda8ef92"

ansi-regex@^3.0.0:
  version "3.0.0"
  resolved "https://registry.yarnpkg.com/ansi-regex/-/ansi-regex-3.0.0.tgz#ed0317c322064f79466c02966bddb605ab37d998"

ansi-styles@^3.1.0:
  version "3.2.0"
  resolved "https://registry.yarnpkg.com/ansi-styles/-/ansi-styles-3.2.0.tgz#c159b8d5be0f9e5a6f346dab94f16ce022161b88"
  dependencies:
    color-convert "^1.9.0"

arrify@^1.0.0:
  version "1.0.1"
  resolved "https://registry.yarnpkg.com/arrify/-/arrify-1.0.1.tgz#898508da2226f380df904728456849c1501a4b0d"

axios@^0.16.2:
  version "0.16.2"
  resolved "https://registry.yarnpkg.com/axios/-/axios-0.16.2.tgz#ba4f92f17167dfbab40983785454b9ac149c3c6d"
  dependencies:
    follow-redirects "^1.2.3"
    is-buffer "^1.1.5"

chalk@^2.0.0, chalk@^2.3.0:
  version "2.3.0"
  resolved "https://registry.yarnpkg.com/chalk/-/chalk-2.3.0.tgz#b5ea48efc9c1793dccc9b4767c93914d3f2d52ba"
  dependencies:
    ansi-styles "^3.1.0"
    escape-string-regexp "^1.0.5"
    supports-color "^4.0.0"

chardet@^0.4.0:
  version "0.4.2"
  resolved "https://registry.yarnpkg.com/chardet/-/chardet-0.4.2.tgz#b5473b33dc97c424e5d98dc87d55d4d8a29c8bf2"

cli-cursor@^2.1.0:
  version "2.1.0"
  resolved "https://registry.yarnpkg.com/cli-cursor/-/cli-cursor-2.1.0.tgz#b35dac376479facc3e94747d41d0d0f5238ffcb5"
  dependencies:
    restore-cursor "^2.0.0"

cli-width@^2.0.0:
  version "2.2.0"
  resolved "https://registry.yarnpkg.com/cli-width/-/cli-width-2.2.0.tgz#ff19ede8a9a5e579324147b0c11f0fbcbabed639"

color-convert@^1.9.0:
  version "1.9.1"
  resolved "https://registry.yarnpkg.com/color-convert/-/color-convert-1.9.1.tgz#c1261107aeb2f294ebffec9ed9ecad529a6097ed"
  dependencies:
    color-name "^1.1.1"

color-name@^1.1.1:
  version "1.1.3"
  resolved "https://registry.yarnpkg.com/color-name/-/color-name-1.1.3.tgz#a7d0558bd89c42f795dd42328f740831ca53bc25"

cookie@^0.3.1:
  version "0.3.1"
  resolved "https://registry.yarnpkg.com/cookie/-/cookie-0.3.1.tgz#e7e0a1f9ef43b4c8ba925c5c5a96e806d16873bb"

debug@^3.1.0:
  version "3.1.0"
  resolved "https://registry.yarnpkg.com/debug/-/debug-3.1.0.tgz#5bb5a0672628b64149566ba16819e61518c67261"
  dependencies:
    ms "2.0.0"

diff@^3.1.0:
  version "3.4.0"
  resolved "https://registry.yarnpkg.com/diff/-/diff-3.4.0.tgz#b1d85507daf3964828de54b37d0d73ba67dda56c"

escape-string-regexp@^1.0.5:
  version "1.0.5"
  resolved "https://registry.yarnpkg.com/escape-string-regexp/-/escape-string-regexp-1.0.5.tgz#1b61c0562190a8dff6ae3bb2cf0200ca130b86d4"

external-editor@^2.1.0:
  version "2.1.0"
  resolved "https://registry.yarnpkg.com/external-editor/-/external-editor-2.1.0.tgz#3d026a21b7f95b5726387d4200ac160d372c3b48"
  dependencies:
    chardet "^0.4.0"
    iconv-lite "^0.4.17"
    tmp "^0.0.33"

figures@^2.0.0:
  version "2.0.0"
  resolved "https://registry.yarnpkg.com/figures/-/figures-2.0.0.tgz#3ab1a2d2a62c8bfb431a0c94cb797a2fce27c962"
  dependencies:
    escape-string-regexp "^1.0.5"

follow-redirects@^1.2.3:
  version "1.2.6"
  resolved "https://registry.yarnpkg.com/follow-redirects/-/follow-redirects-1.2.6.tgz#4dcdc7e4ab3dd6765a97ff89c3b4c258117c79bf"
  dependencies:
    debug "^3.1.0"

has-flag@^2.0.0:
  version "2.0.0"
  resolved "https://registry.yarnpkg.com/has-flag/-/has-flag-2.0.0.tgz#e8207af1cc7b30d446cc70b734b5e8be18f88d51"

homedir-polyfill@^1.0.1:
  version "1.0.1"
  resolved "https://registry.yarnpkg.com/homedir-polyfill/-/homedir-polyfill-1.0.1.tgz#4c2bbc8a758998feebf5ed68580f76d46768b4bc"
  dependencies:
    parse-passwd "^1.0.0"

iconv-lite@^0.4.17:
  version "0.4.19"
  resolved "https://registry.yarnpkg.com/iconv-lite/-/iconv-lite-0.4.19.tgz#f7468f60135f5e5dad3399c0a81be9a1603a082b"

inquirer@^4.0.1:
  version "4.0.1"
  resolved "https://registry.yarnpkg.com/inquirer/-/inquirer-4.0.1.tgz#b25cd541789394b4bb56f6440fb213b121149096"
  dependencies:
    ansi-escapes "^3.0.0"
    chalk "^2.0.0"
    cli-cursor "^2.1.0"
    cli-width "^2.0.0"
    external-editor "^2.1.0"
    figures "^2.0.0"
    lodash "^4.3.0"
    mute-stream "0.0.7"
    run-async "^2.2.0"
    rx-lite "^4.0.8"
    rx-lite-aggregates "^4.0.8"
    string-width "^2.1.0"
    strip-ansi "^4.0.0"
    through "^2.3.6"

is-buffer@^1.1.5:
  version "1.1.6"
  resolved "https://registry.yarnpkg.com/is-buffer/-/is-buffer-1.1.6.tgz#efaa2ea9daa0d7ab2ea13a97b2b8ad51fefbe8be"

is-fullwidth-code-point@^2.0.0:
  version "2.0.0"
  resolved "https://registry.yarnpkg.com/is-fullwidth-code-point/-/is-fullwidth-code-point-2.0.0.tgz#a3b30a5c4f199183167aaab93beefae3ddfb654f"

is-promise@^2.1.0:
  version "2.1.0"
  resolved "https://registry.yarnpkg.com/is-promise/-/is-promise-2.1.0.tgz#79a2a9ece7f096e80f36d2b2f3bc16c1ff4bf3fa"

lodash@^4.17.4, lodash@^4.3.0:
  version "4.17.4"
  resolved "https://registry.yarnpkg.com/lodash/-/lodash-4.17.4.tgz#78203a4d1c328ae1d86dca6460e369b57f4055ae"

m3u8-parser@^4.0.0:
  version "4.0.0"
  resolved "https://registry.yarnpkg.com/m3u8-parser/-/m3u8-parser-4.0.0.tgz#2746b7408b383129d1dfc7efbfbc88210e0d7b11"

make-error@^1.1.1:
  version "1.3.0"
  resolved "https://registry.yarnpkg.com/make-error/-/make-error-1.3.0.tgz#52ad3a339ccf10ce62b4040b708fe707244b8b96"

mimic-fn@^1.0.0:
  version "1.1.0"
  resolved "https://registry.yarnpkg.com/mimic-fn/-/mimic-fn-1.1.0.tgz#e667783d92e89dbd342818b5230b9d62a672ad18"

minimist@0.0.8:
  version "0.0.8"
  resolved "https://registry.yarnpkg.com/minimist/-/minimist-0.0.8.tgz#857fcabfc3397d2625b8228262e86aa7a011b05d"

minimist@^1.2.0:
  version "1.2.0"
  resolved "https://registry.yarnpkg.com/minimist/-/minimist-1.2.0.tgz#a35008b20f41383eec1fb914f4cd5df79a264284"

mkdirp@^0.5.1:
  version "0.5.1"
  resolved "https://registry.yarnpkg.com/mkdirp/-/mkdirp-0.5.1.tgz#30057438eac6cf7f8c4767f38648d6697d75c903"
  dependencies:
    minimist "0.0.8"

ms@2.0.0:
  version "2.0.0"
  resolved "https://registry.yarnpkg.com/ms/-/ms-2.0.0.tgz#5608aeadfc00be6c2901df5f9861788de0d597c8"

mute-stream@0.0.7:
  version "0.0.7"
  resolved "https://registry.yarnpkg.com/mute-stream/-/mute-stream-0.0.7.tgz#3075ce93bc21b8fab43e1bc4da7e8115ed1e7bab"

onetime@^2.0.0:
  version "2.0.1"
  resolved "https://registry.yarnpkg.com/onetime/-/onetime-2.0.1.tgz#067428230fd67443b2794b22bba528b6867962d4"
  dependencies:
    mimic-fn "^1.0.0"

os-tmpdir@~1.0.2:
  version "1.0.2"
  resolved "https://registry.yarnpkg.com/os-tmpdir/-/os-tmpdir-1.0.2.tgz#bbe67406c79aa85c5cfec766fe5734555dfa1274"

parse-passwd@^1.0.0:
  version "1.0.0"
  resolved "https://registry.yarnpkg.com/parse-passwd/-/parse-passwd-1.0.0.tgz#6d5b934a456993b23d37f40a382d6f1666a8e5c6"

restore-cursor@^2.0.0:
  version "2.0.0"
  resolved "https://registry.yarnpkg.com/restore-cursor/-/restore-cursor-2.0.0.tgz#9f7ee287f82fd326d4fd162923d62129eee0dfaf"
  dependencies:
    onetime "^2.0.0"
    signal-exit "^3.0.2"

restyped-axios@^1.3.1:
  version "1.3.1"
  resolved "https://registry.yarnpkg.com/restyped-axios/-/restyped-axios-1.3.1.tgz#aa4fa0041db82b59aa80ff09980a59dc874382c3"
  dependencies:
    axios "^0.16.2"
    restyped "1.1.0"
    typescript "^2.4.0"

restyped@1.1.0:
  version "1.1.0"
  resolved "https://registry.yarnpkg.com/restyped/-/restyped-1.1.0.tgz#3015287c8e7ae13a550d0a19a07c419ce18621b3"

run-async@^2.2.0:
  version "2.3.0"
  resolved "https://registry.yarnpkg.com/run-async/-/run-async-2.3.0.tgz#0371ab4ae0bdd720d4166d7dfda64ff7a445a6c0"
  dependencies:
    is-promise "^2.1.0"

rx-lite-aggregates@^4.0.8:
  version "4.0.8"
  resolved "https://registry.yarnpkg.com/rx-lite-aggregates/-/rx-lite-aggregates-4.0.8.tgz#753b87a89a11c95467c4ac1626c4efc4e05c67be"
  dependencies:
    rx-lite "*"

rx-lite@*, rx-lite@^4.0.8:
  version "4.0.8"
  resolved "https://registry.yarnpkg.com/rx-lite/-/rx-lite-4.0.8.tgz#0b1e11af8bc44836f04a6407e92da42467b79444"

signal-exit@^3.0.2:
  version "3.0.2"
  resolved "https://registry.yarnpkg.com/signal-exit/-/signal-exit-3.0.2.tgz#b5fdc08f1287ea1178628e415e25132b73646c6d"

source-map-support@^0.5.0:
  version "0.5.0"
  resolved "https://registry.yarnpkg.com/source-map-support/-/source-map-support-0.5.0.tgz#2018a7ad2bdf8faf2691e5fddab26bed5a2bacab"
  dependencies:
    source-map "^0.6.0"

source-map@^0.6.0:
  version "0.6.1"
  resolved "https://registry.yarnpkg.com/source-map/-/source-map-0.6.1.tgz#74722af32e9614e9c287a8d0bbde48b5e2f1a263"

string-width@^2.1.0:
  version "2.1.1"
  resolved "https://registry.yarnpkg.com/string-width/-/string-width-2.1.1.tgz#ab93f27a8dc13d28cac815c462143a6d9012ae9e"
  dependencies:
    is-fullwidth-code-point "^2.0.0"
    strip-ansi "^4.0.0"

strip-ansi@^4.0.0:
  version "4.0.0"
  resolved "https://registry.yarnpkg.com/strip-ansi/-/strip-ansi-4.0.0.tgz#a8479022eb1ac368a871389b635262c505ee368f"
  dependencies:
    ansi-regex "^3.0.0"

strip-bom@^3.0.0:
  version "3.0.0"
  resolved "https://registry.yarnpkg.com/strip-bom/-/strip-bom-3.0.0.tgz#2334c18e9c759f7bdd56fdef7e9ae3d588e68ed3"

strip-json-comments@^2.0.0:
  version "2.0.1"
  resolved "https://registry.yarnpkg.com/strip-json-comments/-/strip-json-comments-2.0.1.tgz#3c531942e908c2697c0ec344858c286c7ca0a60a"

supports-color@^4.0.0:
  version "4.5.0"
  resolved "https://registry.yarnpkg.com/supports-color/-/supports-color-4.5.0.tgz#be7a0de484dec5c5cddf8b3d59125044912f635b"
  dependencies:
    has-flag "^2.0.0"

through@^2.3.6:
  version "2.3.8"
  resolved "https://registry.yarnpkg.com/through/-/through-2.3.8.tgz#0dd4c9ffaabc357960b1b724115d7e0e86a2e1f5"

tmp@^0.0.33:
  version "0.0.33"
  resolved "https://registry.yarnpkg.com/tmp/-/tmp-0.0.33.tgz#6d34335889768d21b2bcda0aa277ced3b1bfadf9"
  dependencies:
    os-tmpdir "~1.0.2"

ts-node@^4.1.0:
  version "4.1.0"
  resolved "https://registry.yarnpkg.com/ts-node/-/ts-node-4.1.0.tgz#36d9529c7b90bb993306c408cd07f7743de20712"
  dependencies:
    arrify "^1.0.0"
    chalk "^2.3.0"
    diff "^3.1.0"
    make-error "^1.1.1"
    minimist "^1.2.0"
    mkdirp "^0.5.1"
    source-map-support "^0.5.0"
    tsconfig "^7.0.0"
    v8flags "^3.0.0"
    yn "^2.0.0"

tsconfig@^7.0.0:
  version "7.0.0"
  resolved "https://registry.yarnpkg.com/tsconfig/-/tsconfig-7.0.0.tgz#84538875a4dc216e5c4a5432b3a4dec3d54e91b7"
  dependencies:
    "@types/strip-bom" "^3.0.0"
    "@types/strip-json-comments" "0.0.30"
    strip-bom "^3.0.0"
    strip-json-comments "^2.0.0"

typescript@^2.4.0, typescript@^2.6.2:
  version "2.6.2"
  resolved "https://registry.yarnpkg.com/typescript/-/typescript-2.6.2.tgz#3c5b6fd7f6de0914269027f03c0946758f7673a4"

v8flags@^3.0.0:
  version "3.0.1"
  resolved "https://registry.yarnpkg.com/v8flags/-/v8flags-3.0.1.tgz#dce8fc379c17d9f2c9e9ed78d89ce00052b1b76b"
  dependencies:
    homedir-polyfill "^1.0.1"

yn@^2.0.0:
  version "2.0.0"
  resolved "https://registry.yarnpkg.com/yn/-/yn-2.0.0.tgz#e5adabc8acf408f6385fc76495684c88e6af689a"
